PODS:
  - Alamofire (5.1.0)
  - lottie-ios (3.1.6)

DEPENDENCIES:
  - Alamofire (~> 5.1)
  - lottie-ios

SPEC REPOS:
  trunk:
    - Alamofire
    - lottie-ios

SPEC CHECKSUMS:
  Alamofire: 9d5c5f602928e512395b30950c5984eca840093c
  lottie-ios: 85ce835dd8c53e02509f20729fc7d6a4e6645a0a

PODFILE CHECKSUM: 05619ab2d4c7d68cf525b1569ce6ae300ca8c459

COCOAPODS: 1.9.1
